{
  "name": "windi-wcaf-toolkit",
  "version": "0.1.0",
  "lockfileVersion": 3,
  "requires": true,
  "packages": {
    "": {
      "name": "windi-wcaf-toolkit",
      "version": "0.1.0",
      "dependencies": {
        "windi-forensics-engine": "file:../windi-forensics-engine"
      },
      "bin": {
        "wcaf": "bin/wcaf.js"
      }
    },
    "../windi-forensics-engine": {
      "version": "0.1.0"
    },
    "node_modules/windi-forensics-engine": {
      "resolved": "../windi-forensics-engine",
      "link": true
    }
  }
}
